
Microsoft Visual Studio Solution File, Format Version 12.00
# Visual Studio Version 17
VisualStudioVersion = 17.10.35122.118
MinimumVisualStudioVersion = 10.0.40219.1
Project("{FAE04EC0-301F-11D3-BF4B-00C04F79EFBC}") = "HeThongDocTruyen", "HeThongDocTruyen\HeThongDocTruyen.csproj", "{58C3F8D6-4907-434F-B47D-78CBF5D210A5}"
EndProject
Project("{FAE04EC0-301F-11D3-BF4B-00C04F79EFBC}") = "BLL", "BLL\BLL.csproj", "{02D44356-D1FC-4A43-A3FC-E80E5C02FFF6}"
EndProject
Project("{FAE04EC0-301F-11D3-BF4B-00C04F79EFBC}") = "DAL", "DAL\DAL.csproj", "{686E0132-896A-44DD-9205-0D8BE1F2397B}"
EndProject
Global
	GlobalSection(SolutionConfigurationPlatforms) = preSolution
		Debug|Any CPU = Debug|Any CPU
		Release|Any CPU = Release|Any CPU
	EndGlobalSection
	GlobalSection(ProjectConfigurationPlatforms) = postSolution
		{58C3F8D6-4907-434F-B47D-78CBF5D210A5}.Debug|Any CPU.ActiveCfg = Debug|Any CPU
		{58C3F8D6-4907-434F-B47D-78CBF5D210A5}.Debug|Any CPU.Build.0 = Debug|Any CPU
		{58C3F8D6-4907-434F-B47D-78CBF5D210A5}.Release|Any CPU.ActiveCfg = Release|Any CPU
		{58C3F8D6-4907-434F-B47D-78CBF5D210A5}.Release|Any CPU.Build.0 = Release|Any CPU
		{02D44356-D1FC-4A43-A3FC-E80E5C02FFF6}.Debug|Any CPU.ActiveCfg = Debug|Any CPU
		{02D44356-D1FC-4A43-A3FC-E80E5C02FFF6}.Debug|Any CPU.Build.0 = Debug|Any CPU
		{02D44356-D1FC-4A43-A3FC-E80E5C02FFF6}.Release|Any CPU.ActiveCfg = Release|Any CPU
		{02D44356-D1FC-4A43-A3FC-E80E5C02FFF6}.Release|Any CPU.Build.0 = Release|Any CPU
		{686E0132-896A-44DD-9205-0D8BE1F2397B}.Debug|Any CPU.ActiveCfg = Debug|Any CPU
		{686E0132-896A-44DD-9205-0D8BE1F2397B}.Debug|Any CPU.Build.0 = Debug|Any CPU
		{686E0132-896A-44DD-9205-0D8BE1F2397B}.Release|Any CPU.ActiveCfg = Release|Any CPU
		{686E0132-896A-44DD-9205-0D8BE1F2397B}.Release|Any CPU.Build.0 = Release|Any CPU
	EndGlobalSection
	GlobalSection(SolutionProperties) = preSolution
		HideSolutionNode = FALSE
	EndGlobalSection
	GlobalSection(ExtensibilityGlobals) = postSolution
		SolutionGuid = {637141F8-90DD-48DC-949D-826BD3F2424C}
	EndGlobalSection
EndGlobal
